
Microsoft Visual Studio Solution File, Format Version 12.00
# Visual Studio Version 16
VisualStudioVersion = 16.0.30406.217
MinimumVisualStudioVersion = 10.0.40219.1
Project("{2150E333-8FDC-42A3-9474-1A3956D46DE8}") = "src", "src", "{83B4D05E-4CDC-4C2C-915B-C61451E09CC5}"
EndProject
Project("{2150E333-8FDC-42A3-9474-1A3956D46DE8}") = "Joint.Auth", "Joint.Auth", "{883ACF5B-7971-4AFA-889C-8384833A2500}"
EndProject
Project("{2150E333-8FDC-42A3-9474-1A3956D46DE8}") = "src", "src", "{6123F185-143B-4FCB-972C-4944F1D42E8E}"
EndProject
Project("{2150E333-8FDC-42A3-9474-1A3956D46DE8}") = "Joint", "Joint", "{494729D2-2E02-410C-BD74-C4775FE3E80C}"
EndProject
Project("{2150E333-8FDC-42A3-9474-1A3956D46DE8}") = "src", "src", "{323C6249-1F2C-4C85-9848-80747467C5E3}"
EndProject
Project("{2150E333-8FDC-42A3-9474-1A3956D46DE8}") = "Joint.Docs.Swagger", "Joint.Docs.Swagger", "{6B5B9AEB-5B9B-4CAA-989F-A4887B0FAECB}"
EndProject
Project("{2150E333-8FDC-42A3-9474-1A3956D46DE8}") = "src", "src", "{ECA90372-277F-4CF7-8FC2-796535E6E44C}"
EndProject
Project("{9A19103F-16F7-4668-BE54-9A1E7A4F7556}") = "Joint", "src\Joint\src\Joint.csproj", "{47C575E2-8628-4961-ABB5-C98FE6290FB7}"
EndProject
Project("{9A19103F-16F7-4668-BE54-9A1E7A4F7556}") = "Joint.Auth", "src\Joint.Auth\src\Joint.Auth.csproj", "{31056651-DB72-4A2E-A56A-35896C5AD67C}"
EndProject
Project("{9A19103F-16F7-4668-BE54-9A1E7A4F7556}") = "Joint.Docs.Swagger", "src\Joint.Docs.Swagger\src\Joint.Docs.Swagger.csproj", "{58B774CE-23D4-4F33-B77D-BF87820BD227}"
EndProject
Project("{2150E333-8FDC-42A3-9474-1A3956D46DE8}") = "Joint.CQRS.Commands", "Joint.CQRS.Commands", "{70089EEA-58EB-45A1-8757-6BE9FB2180B7}"
EndProject
Project("{2150E333-8FDC-42A3-9474-1A3956D46DE8}") = "src", "src", "{C08D0BF9-BF2D-417D-88FD-B852CE9582A7}"
EndProject
Project("{9A19103F-16F7-4668-BE54-9A1E7A4F7556}") = "Joint.CQRS.Commands", "src\Joint.CQRS.Commands\src\Joint.CQRS.Commands.csproj", "{D50BBAA3-82DE-4208-AD55-984A1C5D210F}"
EndProject
Project("{2150E333-8FDC-42A3-9474-1A3956D46DE8}") = "Joint.CQRS.Events", "Joint.CQRS.Events", "{DDEAD41F-6607-4929-823B-667F69D49D48}"
EndProject
Project("{2150E333-8FDC-42A3-9474-1A3956D46DE8}") = "src", "src", "{07F4E971-9731-49FD-A377-1C667D18967D}"
EndProject
Project("{9A19103F-16F7-4668-BE54-9A1E7A4F7556}") = "Joint.CQRS.Events", "src\Joint.CQRS.Events\src\Joint.CQRS.Events.csproj", "{A405ABA3-AA7F-4572-A5A7-4160655A32AF}"
EndProject
Project("{2150E333-8FDC-42A3-9474-1A3956D46DE8}") = "Joint.CQRS.Queries", "Joint.CQRS.Queries", "{75821703-B25D-41C0-B6D7-C19D9289A8FD}"
EndProject
Project("{2150E333-8FDC-42A3-9474-1A3956D46DE8}") = "src", "src", "{789F4F89-6379-41E8-8BE1-919D3CA06B3E}"
EndProject
Project("{9A19103F-16F7-4668-BE54-9A1E7A4F7556}") = "Joint.CQRS.Queries", "src\Joint.CQRS.Queries\src\Joint.CQRS.Queries.csproj", "{5BE7D747-909C-4DD0-93B2-2F756F94EC4D}"
EndProject
Project("{2150E333-8FDC-42A3-9474-1A3956D46DE8}") = "Joint.WebApi", "Joint.WebApi", "{F5744D6E-8026-4A0B-AF84-F88D0948D803}"
EndProject
Project("{2150E333-8FDC-42A3-9474-1A3956D46DE8}") = "src", "src", "{0F7F8E3E-2927-454D-947E-0496FC55346B}"
EndProject
Project("{9A19103F-16F7-4668-BE54-9A1E7A4F7556}") = "Joint.WebApi", "src\Joint.WebApi\src\Joint.WebApi.csproj", "{CCC342EF-5307-4039-9536-3C7CDEB13CE6}"
EndProject
Project("{2150E333-8FDC-42A3-9474-1A3956D46DE8}") = "Joint.Logging", "Joint.Logging", "{BC205A4E-53F9-43FD-B50A-CC77068B27DD}"
EndProject
Project("{2150E333-8FDC-42A3-9474-1A3956D46DE8}") = "src", "src", "{847474DC-A3BC-40A1-BC40-E40BD9B5404B}"
EndProject
Project("{9A19103F-16F7-4668-BE54-9A1E7A4F7556}") = "Joint.Logging", "src\Joint.Logging\src\Joint.Logging.csproj", "{71683AC3-A4F4-462D-8CB6-C51D783B7CE4}"
EndProject
Project("{2150E333-8FDC-42A3-9474-1A3956D46DE8}") = "Joint.DB.Mongo", "Joint.DB.Mongo", "{D4067B01-05E1-41EF-81CB-DCE5656BC5D7}"
EndProject
Project("{2150E333-8FDC-42A3-9474-1A3956D46DE8}") = "src", "src", "{DE431E32-4379-42CD-9DB1-C50BCDF227A2}"
EndProject
Project("{9A19103F-16F7-4668-BE54-9A1E7A4F7556}") = "Joint.DB.Mongo", "src\Joint.DB.Mongo\src\Joint.DB.Mongo.csproj", "{B4C924D0-3577-42B0-A070-173CC32A225E}"
EndProject
Project("{2150E333-8FDC-42A3-9474-1A3956D46DE8}") = "joint.DB.Redis", "joint.DB.Redis", "{1FD76BA5-9E65-4A87-B970-0D1672C12AC7}"
EndProject
Project("{2150E333-8FDC-42A3-9474-1A3956D46DE8}") = "src", "src", "{3A770AB2-7FEE-46C9-8022-0998A85DDF3D}"
EndProject
Project("{9A19103F-16F7-4668-BE54-9A1E7A4F7556}") = "Joint.DB.Redis", "src\Joint.DB.Redis\src\Joint.DB.Redis.csproj", "{14EBE5C2-F01F-43BC-8927-26129D080BE8}"
EndProject
Project("{2150E333-8FDC-42A3-9474-1A3956D46DE8}") = "Joint.Exception", "Joint.Exception", "{10EF1F16-5DAC-443B-B7FD-27AD33C8B95A}"
EndProject
Project("{2150E333-8FDC-42A3-9474-1A3956D46DE8}") = "src", "src", "{63C77B3B-BCC6-4DD8-90F2-69C2194E1711}"
EndProject
Project("{9A19103F-16F7-4668-BE54-9A1E7A4F7556}") = "Joint.Exception", "src\Joint.Exception\src\Joint.Exception.csproj", "{4CBB0F72-9FF2-40C6-B494-1E6620AFE30A}"
EndProject
Global
	GlobalSection(SolutionConfigurationPlatforms) = preSolution
		Debug|Any CPU = Debug|Any CPU
		Release|Any CPU = Release|Any CPU
	EndGlobalSection
	GlobalSection(ProjectConfigurationPlatforms) = postSolution
		{47C575E2-8628-4961-ABB5-C98FE6290FB7}.Debug|Any CPU.ActiveCfg = Debug|Any CPU
		{47C575E2-8628-4961-ABB5-C98FE6290FB7}.Debug|Any CPU.Build.0 = Debug|Any CPU
		{47C575E2-8628-4961-ABB5-C98FE6290FB7}.Release|Any CPU.ActiveCfg = Release|Any CPU
		{47C575E2-8628-4961-ABB5-C98FE6290FB7}.Release|Any CPU.Build.0 = Release|Any CPU
		{31056651-DB72-4A2E-A56A-35896C5AD67C}.Debug|Any CPU.ActiveCfg = Debug|Any CPU
		{31056651-DB72-4A2E-A56A-35896C5AD67C}.Debug|Any CPU.Build.0 = Debug|Any CPU
		{31056651-DB72-4A2E-A56A-35896C5AD67C}.Release|Any CPU.ActiveCfg = Release|Any CPU
		{31056651-DB72-4A2E-A56A-35896C5AD67C}.Release|Any CPU.Build.0 = Release|Any CPU
		{58B774CE-23D4-4F33-B77D-BF87820BD227}.Debug|Any CPU.ActiveCfg = Debug|Any CPU
		{58B774CE-23D4-4F33-B77D-BF87820BD227}.Debug|Any CPU.Build.0 = Debug|Any CPU
		{58B774CE-23D4-4F33-B77D-BF87820BD227}.Release|Any CPU.ActiveCfg = Release|Any CPU
		{58B774CE-23D4-4F33-B77D-BF87820BD227}.Release|Any CPU.Build.0 = Release|Any CPU
		{D50BBAA3-82DE-4208-AD55-984A1C5D210F}.Debug|Any CPU.ActiveCfg = Debug|Any CPU
		{D50BBAA3-82DE-4208-AD55-984A1C5D210F}.Debug|Any CPU.Build.0 = Debug|Any CPU
		{D50BBAA3-82DE-4208-AD55-984A1C5D210F}.Release|Any CPU.ActiveCfg = Release|Any CPU
		{D50BBAA3-82DE-4208-AD55-984A1C5D210F}.Release|Any CPU.Build.0 = Release|Any CPU
		{A405ABA3-AA7F-4572-A5A7-4160655A32AF}.Debug|Any CPU.ActiveCfg = Debug|Any CPU
		{A405ABA3-AA7F-4572-A5A7-4160655A32AF}.Debug|Any CPU.Build.0 = Debug|Any CPU
		{A405ABA3-AA7F-4572-A5A7-4160655A32AF}.Release|Any CPU.ActiveCfg = Release|Any CPU
		{A405ABA3-AA7F-4572-A5A7-4160655A32AF}.Release|Any CPU.Build.0 = Release|Any CPU
		{5BE7D747-909C-4DD0-93B2-2F756F94EC4D}.Debug|Any CPU.ActiveCfg = Debug|Any CPU
		{5BE7D747-909C-4DD0-93B2-2F756F94EC4D}.Debug|Any CPU.Build.0 = Debug|Any CPU
		{5BE7D747-909C-4DD0-93B2-2F756F94EC4D}.Release|Any CPU.ActiveCfg = Release|Any CPU
		{5BE7D747-909C-4DD0-93B2-2F756F94EC4D}.Release|Any CPU.Build.0 = Release|Any CPU
		{CCC342EF-5307-4039-9536-3C7CDEB13CE6}.Debug|Any CPU.ActiveCfg = Debug|Any CPU
		{CCC342EF-5307-4039-9536-3C7CDEB13CE6}.Debug|Any CPU.Build.0 = Debug|Any CPU
		{CCC342EF-5307-4039-9536-3C7CDEB13CE6}.Release|Any CPU.ActiveCfg = Release|Any CPU
		{CCC342EF-5307-4039-9536-3C7CDEB13CE6}.Release|Any CPU.Build.0 = Release|Any CPU
		{71683AC3-A4F4-462D-8CB6-C51D783B7CE4}.Debug|Any CPU.ActiveCfg = Debug|Any CPU
		{71683AC3-A4F4-462D-8CB6-C51D783B7CE4}.Debug|Any CPU.Build.0 = Debug|Any CPU
		{71683AC3-A4F4-462D-8CB6-C51D783B7CE4}.Release|Any CPU.ActiveCfg = Release|Any CPU
		{71683AC3-A4F4-462D-8CB6-C51D783B7CE4}.Release|Any CPU.Build.0 = Release|Any CPU
		{B4C924D0-3577-42B0-A070-173CC32A225E}.Debug|Any CPU.ActiveCfg = Debug|Any CPU
		{B4C924D0-3577-42B0-A070-173CC32A225E}.Debug|Any CPU.Build.0 = Debug|Any CPU
		{B4C924D0-3577-42B0-A070-173CC32A225E}.Release|Any CPU.ActiveCfg = Release|Any CPU
		{B4C924D0-3577-42B0-A070-173CC32A225E}.Release|Any CPU.Build.0 = Release|Any CPU
		{14EBE5C2-F01F-43BC-8927-26129D080BE8}.Debug|Any CPU.ActiveCfg = Debug|Any CPU
		{14EBE5C2-F01F-43BC-8927-26129D080BE8}.Debug|Any CPU.Build.0 = Debug|Any CPU
		{14EBE5C2-F01F-43BC-8927-26129D080BE8}.Release|Any CPU.ActiveCfg = Release|Any CPU
		{14EBE5C2-F01F-43BC-8927-26129D080BE8}.Release|Any CPU.Build.0 = Release|Any CPU
		{4CBB0F72-9FF2-40C6-B494-1E6620AFE30A}.Debug|Any CPU.ActiveCfg = Debug|Any CPU
		{4CBB0F72-9FF2-40C6-B494-1E6620AFE30A}.Debug|Any CPU.Build.0 = Debug|Any CPU
		{4CBB0F72-9FF2-40C6-B494-1E6620AFE30A}.Release|Any CPU.ActiveCfg = Release|Any CPU
		{4CBB0F72-9FF2-40C6-B494-1E6620AFE30A}.Release|Any CPU.Build.0 = Release|Any CPU
	EndGlobalSection
	GlobalSection(SolutionProperties) = preSolution
		HideSolutionNode = FALSE
	EndGlobalSection
	GlobalSection(NestedProjects) = preSolution
		{883ACF5B-7971-4AFA-889C-8384833A2500} = {83B4D05E-4CDC-4C2C-915B-C61451E09CC5}
		{6123F185-143B-4FCB-972C-4944F1D42E8E} = {883ACF5B-7971-4AFA-889C-8384833A2500}
		{494729D2-2E02-410C-BD74-C4775FE3E80C} = {83B4D05E-4CDC-4C2C-915B-C61451E09CC5}
		{323C6249-1F2C-4C85-9848-80747467C5E3} = {494729D2-2E02-410C-BD74-C4775FE3E80C}
		{6B5B9AEB-5B9B-4CAA-989F-A4887B0FAECB} = {83B4D05E-4CDC-4C2C-915B-C61451E09CC5}
		{ECA90372-277F-4CF7-8FC2-796535E6E44C} = {6B5B9AEB-5B9B-4CAA-989F-A4887B0FAECB}
		{47C575E2-8628-4961-ABB5-C98FE6290FB7} = {323C6249-1F2C-4C85-9848-80747467C5E3}
		{31056651-DB72-4A2E-A56A-35896C5AD67C} = {6123F185-143B-4FCB-972C-4944F1D42E8E}
		{58B774CE-23D4-4F33-B77D-BF87820BD227} = {ECA90372-277F-4CF7-8FC2-796535E6E44C}
		{70089EEA-58EB-45A1-8757-6BE9FB2180B7} = {83B4D05E-4CDC-4C2C-915B-C61451E09CC5}
		{C08D0BF9-BF2D-417D-88FD-B852CE9582A7} = {70089EEA-58EB-45A1-8757-6BE9FB2180B7}
		{D50BBAA3-82DE-4208-AD55-984A1C5D210F} = {C08D0BF9-BF2D-417D-88FD-B852CE9582A7}
		{DDEAD41F-6607-4929-823B-667F69D49D48} = {83B4D05E-4CDC-4C2C-915B-C61451E09CC5}
		{07F4E971-9731-49FD-A377-1C667D18967D} = {DDEAD41F-6607-4929-823B-667F69D49D48}
		{A405ABA3-AA7F-4572-A5A7-4160655A32AF} = {07F4E971-9731-49FD-A377-1C667D18967D}
		{75821703-B25D-41C0-B6D7-C19D9289A8FD} = {83B4D05E-4CDC-4C2C-915B-C61451E09CC5}
		{789F4F89-6379-41E8-8BE1-919D3CA06B3E} = {75821703-B25D-41C0-B6D7-C19D9289A8FD}
		{5BE7D747-909C-4DD0-93B2-2F756F94EC4D} = {789F4F89-6379-41E8-8BE1-919D3CA06B3E}
		{F5744D6E-8026-4A0B-AF84-F88D0948D803} = {83B4D05E-4CDC-4C2C-915B-C61451E09CC5}
		{0F7F8E3E-2927-454D-947E-0496FC55346B} = {F5744D6E-8026-4A0B-AF84-F88D0948D803}
		{CCC342EF-5307-4039-9536-3C7CDEB13CE6} = {0F7F8E3E-2927-454D-947E-0496FC55346B}
		{BC205A4E-53F9-43FD-B50A-CC77068B27DD} = {83B4D05E-4CDC-4C2C-915B-C61451E09CC5}
		{847474DC-A3BC-40A1-BC40-E40BD9B5404B} = {BC205A4E-53F9-43FD-B50A-CC77068B27DD}
		{71683AC3-A4F4-462D-8CB6-C51D783B7CE4} = {847474DC-A3BC-40A1-BC40-E40BD9B5404B}
		{D4067B01-05E1-41EF-81CB-DCE5656BC5D7} = {83B4D05E-4CDC-4C2C-915B-C61451E09CC5}
		{DE431E32-4379-42CD-9DB1-C50BCDF227A2} = {D4067B01-05E1-41EF-81CB-DCE5656BC5D7}
		{B4C924D0-3577-42B0-A070-173CC32A225E} = {DE431E32-4379-42CD-9DB1-C50BCDF227A2}
		{1FD76BA5-9E65-4A87-B970-0D1672C12AC7} = {83B4D05E-4CDC-4C2C-915B-C61451E09CC5}
		{3A770AB2-7FEE-46C9-8022-0998A85DDF3D} = {1FD76BA5-9E65-4A87-B970-0D1672C12AC7}
		{14EBE5C2-F01F-43BC-8927-26129D080BE8} = {3A770AB2-7FEE-46C9-8022-0998A85DDF3D}
		{10EF1F16-5DAC-443B-B7FD-27AD33C8B95A} = {83B4D05E-4CDC-4C2C-915B-C61451E09CC5}
		{63C77B3B-BCC6-4DD8-90F2-69C2194E1711} = {10EF1F16-5DAC-443B-B7FD-27AD33C8B95A}
		{4CBB0F72-9FF2-40C6-B494-1E6620AFE30A} = {63C77B3B-BCC6-4DD8-90F2-69C2194E1711}
	EndGlobalSection
	GlobalSection(ExtensibilityGlobals) = postSolution
		SolutionGuid = {14A8559B-A72A-4C85-AA54-484DBC2D30C9}
	EndGlobalSection
EndGlobal
