
Microsoft Visual Studio Solution File, Format Version 12.00
# Visual Studio Version 16
VisualStudioVersion = 16.0.30611.23
MinimumVisualStudioVersion = 10.0.40219.1
Project("{FAE04EC0-301F-11D3-BF4B-00C04F79EFBC}") = "Joint", "Joint\Joint.csproj", "{870BA92A-1585-4D3B-8B47-F44F0DCCE9D0}"
EndProject
Global
	GlobalSection(SolutionConfigurationPlatforms) = preSolution
		Debug|Any CPU = Debug|Any CPU
		Release|Any CPU = Release|Any CPU
	EndGlobalSection
	GlobalSection(ProjectConfigurationPlatforms) = postSolution
		{870BA92A-1585-4D3B-8B47-F44F0DCCE9D0}.Debug|Any CPU.ActiveCfg = Debug|Any CPU
		{870BA92A-1585-4D3B-8B47-F44F0DCCE9D0}.Debug|Any CPU.Build.0 = Debug|Any CPU
		{870BA92A-1585-4D3B-8B47-F44F0DCCE9D0}.Release|Any CPU.ActiveCfg = Release|Any CPU
		{870BA92A-1585-4D3B-8B47-F44F0DCCE9D0}.Release|Any CPU.Build.0 = Release|Any CPU
	EndGlobalSection
	GlobalSection(SolutionProperties) = preSolution
		HideSolutionNode = FALSE
	EndGlobalSection
	GlobalSection(ExtensibilityGlobals) = postSolution
		SolutionGuid = {8E79F542-F2F7-4853-B95B-DA3FDAD938AE}
	EndGlobalSection
EndGlobal
