
Microsoft Visual Studio Solution File, Format Version 12.00
# Visual Studio Version 16
VisualStudioVersion = 16.0.30406.217
MinimumVisualStudioVersion = 10.0.40219.1
Project("{2150E333-8FDC-42A3-9474-1A3956D46DE8}") = "src", "src", "{83B4D05E-4CDC-4C2C-915B-C61451E09CC5}"
EndProject
Project("{2150E333-8FDC-42A3-9474-1A3956D46DE8}") = "SCL.Auth", "SCL.Auth", "{883ACF5B-7971-4AFA-889C-8384833A2500}"
EndProject
Project("{2150E333-8FDC-42A3-9474-1A3956D46DE8}") = "src", "src", "{6123F185-143B-4FCB-972C-4944F1D42E8E}"
EndProject
Project("{9A19103F-16F7-4668-BE54-9A1E7A4F7556}") = "SCL.Auth", "src\SCL.Auth\src\SCL.Auth.csproj", "{FCCDF27B-5DC6-42B7-9082-C955A9A5C340}"
EndProject
Project("{2150E333-8FDC-42A3-9474-1A3956D46DE8}") = "SCL", "SCL", "{494729D2-2E02-410C-BD74-C4775FE3E80C}"
EndProject
Project("{2150E333-8FDC-42A3-9474-1A3956D46DE8}") = "src", "src", "{323C6249-1F2C-4C85-9848-80747467C5E3}"
EndProject
Project("{FAE04EC0-301F-11D3-BF4B-00C04F79EFBC}") = "SCL", "src\SCL\src\SCL.Config\SCL.csproj", "{2861352A-2B2E-4D3F-A2A3-0449D501939D}"
EndProject
Project("{2150E333-8FDC-42A3-9474-1A3956D46DE8}") = "SCL.Docs.Swagger", "SCL.Docs.Swagger", "{6B5B9AEB-5B9B-4CAA-989F-A4887B0FAECB}"
EndProject
Project("{2150E333-8FDC-42A3-9474-1A3956D46DE8}") = "src", "src", "{ECA90372-277F-4CF7-8FC2-796535E6E44C}"
EndProject
Project("{FAE04EC0-301F-11D3-BF4B-00C04F79EFBC}") = "SCL.Docs.Swagger1", "src\SCL.Docs.Swagger\src\SCL.Docs.Swagger1\SCL.Docs.Swagger1.csproj", "{5483FC88-FB48-4ABF-901D-68C3A0937DF7}"
EndProject
Global
	GlobalSection(SolutionConfigurationPlatforms) = preSolution
		Debug|Any CPU = Debug|Any CPU
		Release|Any CPU = Release|Any CPU
	EndGlobalSection
	GlobalSection(ProjectConfigurationPlatforms) = postSolution
		{FCCDF27B-5DC6-42B7-9082-C955A9A5C340}.Debug|Any CPU.ActiveCfg = Debug|Any CPU
		{FCCDF27B-5DC6-42B7-9082-C955A9A5C340}.Debug|Any CPU.Build.0 = Debug|Any CPU
		{FCCDF27B-5DC6-42B7-9082-C955A9A5C340}.Release|Any CPU.ActiveCfg = Release|Any CPU
		{FCCDF27B-5DC6-42B7-9082-C955A9A5C340}.Release|Any CPU.Build.0 = Release|Any CPU
		{2861352A-2B2E-4D3F-A2A3-0449D501939D}.Debug|Any CPU.ActiveCfg = Debug|Any CPU
		{2861352A-2B2E-4D3F-A2A3-0449D501939D}.Debug|Any CPU.Build.0 = Debug|Any CPU
		{2861352A-2B2E-4D3F-A2A3-0449D501939D}.Release|Any CPU.ActiveCfg = Release|Any CPU
		{2861352A-2B2E-4D3F-A2A3-0449D501939D}.Release|Any CPU.Build.0 = Release|Any CPU
		{5483FC88-FB48-4ABF-901D-68C3A0937DF7}.Debug|Any CPU.ActiveCfg = Debug|Any CPU
		{5483FC88-FB48-4ABF-901D-68C3A0937DF7}.Debug|Any CPU.Build.0 = Debug|Any CPU
		{5483FC88-FB48-4ABF-901D-68C3A0937DF7}.Release|Any CPU.ActiveCfg = Release|Any CPU
		{5483FC88-FB48-4ABF-901D-68C3A0937DF7}.Release|Any CPU.Build.0 = Release|Any CPU
	EndGlobalSection
	GlobalSection(SolutionProperties) = preSolution
		HideSolutionNode = FALSE
	EndGlobalSection
	GlobalSection(NestedProjects) = preSolution
		{883ACF5B-7971-4AFA-889C-8384833A2500} = {83B4D05E-4CDC-4C2C-915B-C61451E09CC5}
		{6123F185-143B-4FCB-972C-4944F1D42E8E} = {883ACF5B-7971-4AFA-889C-8384833A2500}
		{FCCDF27B-5DC6-42B7-9082-C955A9A5C340} = {6123F185-143B-4FCB-972C-4944F1D42E8E}
		{494729D2-2E02-410C-BD74-C4775FE3E80C} = {83B4D05E-4CDC-4C2C-915B-C61451E09CC5}
		{323C6249-1F2C-4C85-9848-80747467C5E3} = {494729D2-2E02-410C-BD74-C4775FE3E80C}
		{2861352A-2B2E-4D3F-A2A3-0449D501939D} = {323C6249-1F2C-4C85-9848-80747467C5E3}
		{6B5B9AEB-5B9B-4CAA-989F-A4887B0FAECB} = {83B4D05E-4CDC-4C2C-915B-C61451E09CC5}
		{ECA90372-277F-4CF7-8FC2-796535E6E44C} = {6B5B9AEB-5B9B-4CAA-989F-A4887B0FAECB}
		{5483FC88-FB48-4ABF-901D-68C3A0937DF7} = {ECA90372-277F-4CF7-8FC2-796535E6E44C}
	EndGlobalSection
	GlobalSection(ExtensibilityGlobals) = postSolution
		SolutionGuid = {14A8559B-A72A-4C85-AA54-484DBC2D30C9}
	EndGlobalSection
EndGlobal
