
Microsoft Visual Studio Solution File, Format Version 12.00
# Visual Studio Version 16
VisualStudioVersion = 16.0.30406.217
MinimumVisualStudioVersion = 10.0.40219.1
Project("{2150E333-8FDC-42A3-9474-1A3956D46DE8}") = "src", "src", "{83B4D05E-4CDC-4C2C-915B-C61451E09CC5}"
EndProject
Project("{2150E333-8FDC-42A3-9474-1A3956D46DE8}") = "SCL.Auth", "SCL.Auth", "{883ACF5B-7971-4AFA-889C-8384833A2500}"
EndProject
Project("{9A19103F-16F7-4668-BE54-9A1E7A4F7556}") = "SCL.Auth", "src\SCL.Auth\SCL.Auth.csproj", "{B926593B-7B30-46CE-8AED-30D92644C02F}"
EndProject
Global
	GlobalSection(SolutionConfigurationPlatforms) = preSolution
		Debug|Any CPU = Debug|Any CPU
		Release|Any CPU = Release|Any CPU
	EndGlobalSection
	GlobalSection(ProjectConfigurationPlatforms) = postSolution
		{B926593B-7B30-46CE-8AED-30D92644C02F}.Debug|Any CPU.ActiveCfg = Debug|Any CPU
		{B926593B-7B30-46CE-8AED-30D92644C02F}.Debug|Any CPU.Build.0 = Debug|Any CPU
		{B926593B-7B30-46CE-8AED-30D92644C02F}.Release|Any CPU.ActiveCfg = Release|Any CPU
		{B926593B-7B30-46CE-8AED-30D92644C02F}.Release|Any CPU.Build.0 = Release|Any CPU
	EndGlobalSection
	GlobalSection(SolutionProperties) = preSolution
		HideSolutionNode = FALSE
	EndGlobalSection
	GlobalSection(NestedProjects) = preSolution
		{883ACF5B-7971-4AFA-889C-8384833A2500} = {83B4D05E-4CDC-4C2C-915B-C61451E09CC5}
		{B926593B-7B30-46CE-8AED-30D92644C02F} = {883ACF5B-7971-4AFA-889C-8384833A2500}
	EndGlobalSection
	GlobalSection(ExtensibilityGlobals) = postSolution
		SolutionGuid = {14A8559B-A72A-4C85-AA54-484DBC2D30C9}
	EndGlobalSection
EndGlobal
